
Microsoft Visual Studio Solution File, Format Version 12.00
# Visual Studio Version 17
Project("{9A19103F-16F7-4668-BE54-9A1E7A4F7556}") = "YURI", "src\YURI\YURI.csproj", "{7B2D9C6A-0F41-4C0A-9C2E-3E0C1F0B9A11}"
EndProject
Global
	GlobalSection(SolutionConfigurationPlatforms) = preSolution
		Debug|Any CPU = Debug|Any CPU
		Release|Any CPU = Release|Any CPU
	EndGlobalSection
	GlobalSection(ProjectConfigurationPlatforms) = postSolution
		{7B2D9C6A-0F41-4C0A-9C2E-3E0C1F0B9A11}.Debug|Any CPU.ActiveCfg = Debug|Any CPU
		{7B2D9C6A-0F41-4C0A-9C2E-3E0C1F0B9A11}.Debug|Any CPU.Build.0 = Debug|Any CPU
		{7B2D9C6A-0F41-4C0A-9C2E-3E0C1F0B9A11}.Release|Any CPU.ActiveCfg = Release|Any CPU
		{7B2D9C6A-0F41-4C0A-9C2E-3E0C1F0B9A11}.Release|Any CPU.Build.0 = Release|Any CPU
	EndGlobalSection
EndGlobal
